// !$*UTF8*$!
{
	archiveVersion = 1;
	classes = {
	};
	objectVersion = 50;
	objects = {

/* Begin PBXBuildFile section */
		0F135A4C222A94CB00A9D1FF /* TikiHomeTestTests.swift in Sources */ = {isa = PBXBuildFile; fileRef = 0F135A4B222A94CB00A9D1FF /* TikiHomeTestTests.swift */; };
		0F9A7A7522295CD000F30C69 /* AppDelegate.swift in Sources */ = {isa = PBXBuildFile; fileRef = 0F9A7A7422295CD000F30C69 /* AppDelegate.swift */; };
		0F9A7A7A22295CD000F30C69 /* Main.storyboard in Resources */ = {isa = PBXBuildFile; fileRef = 0F9A7A7822295CD000F30C69 /* Main.storyboard */; };
		0F9A7A7D22295CD000F30C69 /* TikiHomeTest.xcdatamodeld in Sources */ = {isa = PBXBuildFile; fileRef = 0F9A7A7B22295CD000F30C69 /* TikiHomeTest.xcdatamodeld */; };
		0F9A7A7F22295CD200F30C69 /* Assets.xcassets in Resources */ = {isa = PBXBuildFile; fileRef = 0F9A7A7E22295CD200F30C69 /* Assets.xcassets */; };
		0F9A7A8222295CD200F30C69 /* LaunchScreen.storyboard in Resources */ = {isa = PBXBuildFile; fileRef = 0F9A7A8022295CD200F30C69 /* LaunchScreen.storyboard */; };
		0F9A7A982229720100F30C69 /* SearchViewController.swift in Sources */ = {isa = PBXBuildFile; fileRef = 0F9A7A972229720100F30C69 /* SearchViewController.swift */; };
		0F9A7A9A2229860600F30C69 /* UIColorWithCustomColor.swift in Sources */ = {isa = PBXBuildFile; fileRef = 0F9A7A992229860600F30C69 /* UIColorWithCustomColor.swift */; };
		0F9A7A9C22298C0800F30C69 /* BeginSearchViewController.swift in Sources */ = {isa = PBXBuildFile; fileRef = 0F9A7A9B22298C0800F30C69 /* BeginSearchViewController.swift */; };
		0F9A7AA42229A5A500F30C69 /* HotTrendTableViewCell.swift in Sources */ = {isa = PBXBuildFile; fileRef = 0F9A7AA22229A5A400F30C69 /* HotTrendTableViewCell.swift */; };
		0F9A7AA72229B7A100F30C69 /* TrendItemCollectionViewCell.swift in Sources */ = {isa = PBXBuildFile; fileRef = 0F9A7AA62229B7A100F30C69 /* TrendItemCollectionViewCell.swift */; };
		0F9A7AA9222A0AB600F30C69 /* TrendItemInfo.swift in Sources */ = {isa = PBXBuildFile; fileRef = 0F9A7AA8222A0AB600F30C69 /* TrendItemInfo.swift */; };
		0F9A7AAC222A1FC900F30C69 /* NetworkManager.swift in Sources */ = {isa = PBXBuildFile; fileRef = 0F9A7AAB222A1FC900F30C69 /* NetworkManager.swift */; };
		0F9A7AB0222A332500F30C69 /* UIImageViewExtension.swift in Sources */ = {isa = PBXBuildFile; fileRef = 0F9A7AAF222A332500F30C69 /* UIImageViewExtension.swift */; };
		0F9A7AB2222A553500F30C69 /* StringExtension.swift in Sources */ = {isa = PBXBuildFile; fileRef = 0F9A7AB1222A553500F30C69 /* StringExtension.swift */; };
		38AB9CE958692DE075DDF094 /* Pods_TikiHomeTest.framework in Frameworks */ = {isa = PBXBuildFile; fileRef = EA296013BB4E267034542F7A /* Pods_TikiHomeTest.framework */; };
/* End PBXBuildFile section */

/* Begin PBXContainerItemProxy section */
		0F135A4E222A94CB00A9D1FF /* PBXContainerItemProxy */ = {
			isa = PBXContainerItemProxy;
			containerPortal = 0F9A7A6922295CD000F30C69 /* Project object */;
			proxyType = 1;
			remoteGlobalIDString = 0F9A7A7022295CD000F30C69;
			remoteInfo = TikiHomeTest;
		};
/* End PBXContainerItemProxy section */

/* Begin PBXFileReference section */
		0DC4D90213198CDAF835D7BE /* Pods-TikiHomeTestTests.debug.xcconfig */ = {isa = PBXFileReference; includeInIndex = 1; lastKnownFileType = text.xcconfig; name = "Pods-TikiHomeTestTests.debug.xcconfig"; path = "Target Support Files/Pods-TikiHomeTestTests/Pods-TikiHomeTestTests.debug.xcconfig"; sourceTree = "<group>"; };
		0F135A49222A94CB00A9D1FF /* TikiHomeTestTests.xctest */ = {isa = PBXFileReference; explicitFileType = wrapper.cfbundle; includeInIndex = 0; path = TikiHomeTestTests.xctest; sourceTree = BUILT_PRODUCTS_DIR; };
		0F135A4B222A94CB00A9D1FF /* TikiHomeTestTests.swift */ = {isa = PBXFileReference; lastKnownFileType = sourcecode.swift; path = TikiHomeTestTests.swift; sourceTree = "<group>"; };
		0F135A4D222A94CB00A9D1FF /* Info.plist */ = {isa = PBXFileReference; lastKnownFileType = text.plist.xml; path = Info.plist; sourceTree = "<group>"; };
		0F9A7A7122295CD000F30C69 /* TikiHomeTest.app */ = {isa = PBXFileReference; explicitFileType = wrapper.application; includeInIndex = 0; path = TikiHomeTest.app; sourceTree = BUILT_PRODUCTS_DIR; };
		0F9A7A7422295CD000F30C69 /* AppDelegate.swift */ = {isa = PBXFileReference; lastKnownFileType = sourcecode.swift; path = AppDelegate.swift; sourceTree = "<group>"; };
		0F9A7A7922295CD000F30C69 /* Base */ = {isa = PBXFileReference; lastKnownFileType = file.storyboard; name = Base; path = Base.lproj/Main.storyboard; sourceTree = "<group>"; };
		0F9A7A7C22295CD000F30C69 /* TikiHomeTest.xcdatamodel */ = {isa = PBXFileReference; lastKnownFileType = wrapper.xcdatamodel; path = TikiHomeTest.xcdatamodel; sourceTree = "<group>"; };
		0F9A7A7E22295CD200F30C69 /* Assets.xcassets */ = {isa = PBXFileReference; lastKnownFileType = folder.assetcatalog; path = Assets.xcassets; sourceTree = "<group>"; };
		0F9A7A8122295CD200F30C69 /* Base */ = {isa = PBXFileReference; lastKnownFileType = file.storyboard; name = Base; path = Base.lproj/LaunchScreen.storyboard; sourceTree = "<group>"; };
		0F9A7A8322295CD200F30C69 /* Info.plist */ = {isa = PBXFileReference; lastKnownFileType = text.plist.xml; path = Info.plist; sourceTree = "<group>"; };
		0F9A7A8E22295CD200F30C69 /* Info.plist */ = {isa = PBXFileReference; lastKnownFileType = text.plist.xml; path = Info.plist; sourceTree = "<group>"; };
		0F9A7A972229720100F30C69 /* SearchViewController.swift */ = {isa = PBXFileReference; lastKnownFileType = sourcecode.swift; path = SearchViewController.swift; sourceTree = "<group>"; };
		0F9A7A992229860600F30C69 /* UIColorWithCustomColor.swift */ = {isa = PBXFileReference; lastKnownFileType = sourcecode.swift; path = UIColorWithCustomColor.swift; sourceTree = "<group>"; };
		0F9A7A9B22298C0800F30C69 /* BeginSearchViewController.swift */ = {isa = PBXFileReference; lastKnownFileType = sourcecode.swift; path = BeginSearchViewController.swift; sourceTree = "<group>"; };
		0F9A7AA22229A5A400F30C69 /* HotTrendTableViewCell.swift */ = {isa = PBXFileReference; lastKnownFileType = sourcecode.swift; path = HotTrendTableViewCell.swift; sourceTree = "<group>"; };
		0F9A7AA62229B7A100F30C69 /* TrendItemCollectionViewCell.swift */ = {isa = PBXFileReference; lastKnownFileType = sourcecode.swift; path = TrendItemCollectionViewCell.swift; sourceTree = "<group>"; };
		0F9A7AA8222A0AB600F30C69 /* TrendItemInfo.swift */ = {isa = PBXFileReference; lastKnownFileType = sourcecode.swift; path = TrendItemInfo.swift; sourceTree = "<group>"; };
		0F9A7AAB222A1FC900F30C69 /* NetworkManager.swift */ = {isa = PBXFileReference; lastKnownFileType = sourcecode.swift; path = NetworkManager.swift; sourceTree = "<group>"; };
		0F9A7AAF222A332500F30C69 /* UIImageViewExtension.swift */ = {isa = PBXFileReference; lastKnownFileType = sourcecode.swift; path = UIImageViewExtension.swift; sourceTree = "<group>"; };
		0F9A7AB1222A553500F30C69 /* StringExtension.swift */ = {isa = PBXFileReference; lastKnownFileType = sourcecode.swift; path = StringExtension.swift; sourceTree = "<group>"; };
		244D3CECA1B322CB26BA02B5 /* Pods_TikiHomeTestTests.framework */ = {isa = PBXFileReference; explicitFileType = wrapper.framework; includeInIndex = 0; path = Pods_TikiHomeTestTests.framework; sourceTree = BUILT_PRODUCTS_DIR; };
		604ECC0A653E6F24E6073E03 /* Pods-TikiHomeTest.release.xcconfig */ = {isa = PBXFileReference; includeInIndex = 1; lastKnownFileType = text.xcconfig; name = "Pods-TikiHomeTest.release.xcconfig"; path = "Target Support Files/Pods-TikiHomeTest/Pods-TikiHomeTest.release.xcconfig"; sourceTree = "<group>"; };
		7CC7433826370DEA72E173B8 /* Pods-TikiHomeTestTests.release.xcconfig */ = {isa = PBXFileReference; includeInIndex = 1; lastKnownFileType = text.xcconfig; name = "Pods-TikiHomeTestTests.release.xcconfig"; path = "Target Support Files/Pods-TikiHomeTestTests/Pods-TikiHomeTestTests.release.xcconfig"; sourceTree = "<group>"; };
		AA20FD1DC2C15E9CFE6A0264 /* Pods-TikiHomeTest.debug.xcconfig */ = {isa = PBXFileReference; includeInIndex = 1; lastKnownFileType = text.xcconfig; name = "Pods-TikiHomeTest.debug.xcconfig"; path = "Target Support Files/Pods-TikiHomeTest/Pods-TikiHomeTest.debug.xcconfig"; sourceTree = "<group>"; };
		EA296013BB4E267034542F7A /* Pods_TikiHomeTest.framework */ = {isa = PBXFileReference; explicitFileType = wrapper.framework; includeInIndex = 0; path = Pods_TikiHomeTest.framework; sourceTree = BUILT_PRODUCTS_DIR; };
/* End PBXFileReference section */

/* Begin PBXFrameworksBuildPhase section */
		0F135A46222A94CB00A9D1FF /* Frameworks */ = {
			isa = PBXFrameworksBuildPhase;
			buildActionMask = 2147483647;
			files = (
			);
			runOnlyForDeploymentPostprocessing = 0;
		};
		0F9A7A6E22295CD000F30C69 /* Frameworks */ = {
			isa = PBXFrameworksBuildPhase;
			buildActionMask = 2147483647;
			files = (
				38AB9CE958692DE075DDF094 /* Pods_TikiHomeTest.framework in Frameworks */,
			);
			runOnlyForDeploymentPostprocessing = 0;
		};
/* End PBXFrameworksBuildPhase section */

/* Begin PBXGroup section */
		00F4421E28BAE11E73E2DB38 /* Frameworks */ = {
			isa = PBXGroup;
			children = (
				EA296013BB4E267034542F7A /* Pods_TikiHomeTest.framework */,
				244D3CECA1B322CB26BA02B5 /* Pods_TikiHomeTestTests.framework */,
			);
			name = Frameworks;
			sourceTree = "<group>";
		};
		0F135A4A222A94CB00A9D1FF /* TikiHomeTestTests */ = {
			isa = PBXGroup;
			children = (
				0F135A4B222A94CB00A9D1FF /* TikiHomeTestTests.swift */,
				0F135A4D222A94CB00A9D1FF /* Info.plist */,
			);
			path = TikiHomeTestTests;
			sourceTree = "<group>";
		};
		0F9A7A6822295CD000F30C69 = {
			isa = PBXGroup;
			children = (
				0F9A7A7322295CD000F30C69 /* TikiHomeTest */,
				0F9A7A8B22295CD200F30C69 /* TikiHomeTestTests */,
				0F135A4A222A94CB00A9D1FF /* TikiHomeTestTests */,
				0F9A7A7222295CD000F30C69 /* Products */,
				9645C18A9648E1250EE2DD38 /* Pods */,
				00F4421E28BAE11E73E2DB38 /* Frameworks */,
			);
			sourceTree = "<group>";
		};
		0F9A7A7222295CD000F30C69 /* Products */ = {
			isa = PBXGroup;
			children = (
				0F9A7A7122295CD000F30C69 /* TikiHomeTest.app */,
				0F135A49222A94CB00A9D1FF /* TikiHomeTestTests.xctest */,
			);
			name = Products;
			sourceTree = "<group>";
		};
		0F9A7A7322295CD000F30C69 /* TikiHomeTest */ = {
			isa = PBXGroup;
			children = (
				0F9A7AAA222A1E1300F30C69 /* Netwoking */,
				0F9A7A9F222993DC00F30C69 /* Extension */,
				0F9A7A9E222993BA00F30C69 /* Model */,
				0F9A7A9D222993A100F30C69 /* View */,
				0F9A7A7422295CD000F30C69 /* AppDelegate.swift */,
				0F9A7A7822295CD000F30C69 /* Main.storyboard */,
				0F9A7A7E22295CD200F30C69 /* Assets.xcassets */,
				0F9A7A8022295CD200F30C69 /* LaunchScreen.storyboard */,
				0F9A7A8322295CD200F30C69 /* Info.plist */,
				0F9A7A7B22295CD000F30C69 /* TikiHomeTest.xcdatamodeld */,
			);
			path = TikiHomeTest;
			sourceTree = "<group>";
		};
		0F9A7A8B22295CD200F30C69 /* TikiHomeTestTests */ = {
			isa = PBXGroup;
			children = (
				0F9A7A8E22295CD200F30C69 /* Info.plist */,
			);
			path = TikiHomeTestTests;
			sourceTree = "<group>";
		};
		0F9A7A9D222993A100F30C69 /* View */ = {
			isa = PBXGroup;
			children = (
				0F9A7A972229720100F30C69 /* SearchViewController.swift */,
				0F9A7A9B22298C0800F30C69 /* BeginSearchViewController.swift */,
				0F9A7AA22229A5A400F30C69 /* HotTrendTableViewCell.swift */,
				0F9A7AA62229B7A100F30C69 /* TrendItemCollectionViewCell.swift */,
			);
			path = View;
			sourceTree = "<group>";
		};
		0F9A7A9E222993BA00F30C69 /* Model */ = {
			isa = PBXGroup;
			children = (
				0F9A7AA8222A0AB600F30C69 /* TrendItemInfo.swift */,
			);
			path = Model;
			sourceTree = "<group>";
		};
		0F9A7A9F222993DC00F30C69 /* Extension */ = {
			isa = PBXGroup;
			children = (
				0F9A7A992229860600F30C69 /* UIColorWithCustomColor.swift */,
				0F9A7AAF222A332500F30C69 /* UIImageViewExtension.swift */,
				0F9A7AB1222A553500F30C69 /* StringExtension.swift */,
			);
			path = Extension;
			sourceTree = "<group>";
		};
		0F9A7AAA222A1E1300F30C69 /* Netwoking */ = {
			isa = PBXGroup;
			children = (
				0F9A7AAB222A1FC900F30C69 /* NetworkManager.swift */,
			);
			path = Netwoking;
			sourceTree = "<group>";
		};
		9645C18A9648E1250EE2DD38 /* Pods */ = {
			isa = PBXGroup;
			children = (
				AA20FD1DC2C15E9CFE6A0264 /* Pods-TikiHomeTest.debug.xcconfig */,
				604ECC0A653E6F24E6073E03 /* Pods-TikiHomeTest.release.xcconfig */,
				0DC4D90213198CDAF835D7BE /* Pods-TikiHomeTestTests.debug.xcconfig */,
				7CC7433826370DEA72E173B8 /* Pods-TikiHomeTestTests.release.xcconfig */,
			);
			path = Pods;
			sourceTree = "<group>";
		};
/* End PBXGroup section */

/* Begin PBXNativeTarget section */
		0F135A48222A94CB00A9D1FF /* TikiHomeTestTests */ = {
			isa = PBXNativeTarget;
			buildConfigurationList = 0F135A50222A94CB00A9D1FF /* Build configuration list for PBXNativeTarget "TikiHomeTestTests" */;
			buildPhases = (
				0F135A45222A94CB00A9D1FF /* Sources */,
				0F135A46222A94CB00A9D1FF /* Frameworks */,
				0F135A47222A94CB00A9D1FF /* Resources */,
			);
			buildRules = (
			);
			dependencies = (
				0F135A4F222A94CB00A9D1FF /* PBXTargetDependency */,
			);
			name = TikiHomeTestTests;
			productName = TikiHomeTestTests;
			productReference = 0F135A49222A94CB00A9D1FF /* TikiHomeTestTests.xctest */;
			productType = "com.apple.product-type.bundle.unit-test";
		};
		0F9A7A7022295CD000F30C69 /* TikiHomeTest */ = {
			isa = PBXNativeTarget;
			buildConfigurationList = 0F9A7A9122295CD200F30C69 /* Build configuration list for PBXNativeTarget "TikiHomeTest" */;
			buildPhases = (
				14E73727EE4975D01838158A /* [CP] Check Pods Manifest.lock */,
				0F9A7A6D22295CD000F30C69 /* Sources */,
				0F9A7A6E22295CD000F30C69 /* Frameworks */,
				0F9A7A6F22295CD000F30C69 /* Resources */,
				9AC1FF48414B15BB14FA7277 /* [CP] Embed Pods Frameworks */,
			);
			buildRules = (
			);
			dependencies = (
			);
			name = TikiHomeTest;
			productName = TikiHomeTest;
			productReference = 0F9A7A7122295CD000F30C69 /* TikiHomeTest.app */;
			productType = "com.apple.product-type.application";
		};
/* End PBXNativeTarget section */

/* Begin PBXProject section */
		0F9A7A6922295CD000F30C69 /* Project object */ = {
			isa = PBXProject;
			attributes = {
				LastSwiftUpdateCheck = 1010;
				LastUpgradeCheck = 1010;
				ORGANIZATIONNAME = HoangVu;
				TargetAttributes = {
					0F135A48222A94CB00A9D1FF = {
						CreatedOnToolsVersion = 10.1;
						TestTargetID = 0F9A7A7022295CD000F30C69;
					};
					0F9A7A7022295CD000F30C69 = {
						CreatedOnToolsVersion = 10.1;
					};
				};
			};
			buildConfigurationList = 0F9A7A6C22295CD000F30C69 /* Build configuration list for PBXProject "TikiHomeTest" */;
			compatibilityVersion = "Xcode 9.3";
			developmentRegion = en;
			hasScannedForEncodings = 0;
			knownRegions = (
				en,
				Base,
			);
			mainGroup = 0F9A7A6822295CD000F30C69;
			productRefGroup = 0F9A7A7222295CD000F30C69 /* Products */;
			projectDirPath = "";
			projectRoot = "";
			targets = (
				0F9A7A7022295CD000F30C69 /* TikiHomeTest */,
				0F135A48222A94CB00A9D1FF /* TikiHomeTestTests */,
			);
		};
/* End PBXProject section */

/* Begin PBXResourcesBuildPhase section */
		0F135A47222A94CB00A9D1FF /* Resources */ = {
			isa = PBXResourcesBuildPhase;
			buildActionMask = 2147483647;
			files = (
			);
			runOnlyForDeploymentPostprocessing = 0;
		};
		0F9A7A6F22295CD000F30C69 /* Resources */ = {
			isa = PBXResourcesBuildPhase;
			buildActionMask = 2147483647;
			files = (
				0F9A7A8222295CD200F30C69 /* LaunchScreen.storyboard in Resources */,
				0F9A7A7F22295CD200F30C69 /* Assets.xcassets in Resources */,
				0F9A7A7A22295CD000F30C69 /* Main.storyboard in Resources */,
			);
			runOnlyForDeploymentPostprocessing = 0;
		};
/* End PBXResourcesBuildPhase section */

/* Begin PBXShellScriptBuildPhase section */
		14E73727EE4975D01838158A /* [CP] Check Pods Manifest.lock */ = {
			isa = PBXShellScriptBuildPhase;
			buildActionMask = 2147483647;
			files = (
			);
			inputFileListPaths = (
			);
			inputPaths = (
				"${PODS_PODFILE_DIR_PATH}/Podfile.lock",
				"${PODS_ROOT}/Manifest.lock",
			);
			name = "[CP] Check Pods Manifest.lock";
			outputFileListPaths = (
			);
			outputPaths = (
				"$(DERIVED_FILE_DIR)/Pods-TikiHomeTest-checkManifestLockResult.txt",
			);
			runOnlyForDeploymentPostprocessing = 0;
			shellPath = /bin/sh;
			shellScript = "diff \"${PODS_PODFILE_DIR_PATH}/Podfile.lock\" \"${PODS_ROOT}/Manifest.lock\" > /dev/null\nif [ $? != 0 ] ; then\n    # print error to STDERR\n    echo \"error: The sandbox is not in sync with the Podfile.lock. Run 'pod install' or update your CocoaPods installation.\" >&2\n    exit 1\nfi\n# This output is used by Xcode 'outputs' to avoid re-running this script phase.\necho \"SUCCESS\" > \"${SCRIPT_OUTPUT_FILE_0}\"\n";
			showEnvVarsInLog = 0;
		};
		9AC1FF48414B15BB14FA7277 /* [CP] Embed Pods Frameworks */ = {
			isa = PBXShellScriptBuildPhase;
			buildActionMask = 2147483647;
			files = (
			);
			inputFileListPaths = (
			);
			inputPaths = (
				"${PODS_ROOT}/Target Support Files/Pods-TikiHomeTest/Pods-TikiHomeTest-frameworks.sh",
				"${BUILT_PRODUCTS_DIR}/Alamofire/Alamofire.framework",
				"${BUILT_PRODUCTS_DIR}/SnapKit/SnapKit.framework",
			);
			name = "[CP] Embed Pods Frameworks";
			outputFileListPaths = (
			);
			outputPaths = (
				"${TARGET_BUILD_DIR}/${FRAMEWORKS_FOLDER_PATH}/Alamofire.framework",
				"${TARGET_BUILD_DIR}/${FRAMEWORKS_FOLDER_PATH}/SnapKit.framework",
			);
			runOnlyForDeploymentPostprocessing = 0;
			shellPath = /bin/sh;
			shellScript = "\"${PODS_ROOT}/Target Support Files/Pods-TikiHomeTest/Pods-TikiHomeTest-frameworks.sh\"\n";
			showEnvVarsInLog = 0;
		};
/* End PBXShellScriptBuildPhase section */

/* Begin PBXSourcesBuildPhase section */
		0F135A45222A94CB00A9D1FF /* Sources */ = {
			isa = PBXSourcesBuildPhase;
			buildActionMask = 2147483647;
			files = (
				0F135A4C222A94CB00A9D1FF /* TikiHomeTestTests.swift in Sources */,
			);
			runOnlyForDeploymentPostprocessing = 0;
		};
		0F9A7A6D22295CD000F30C69 /* Sources */ = {
			isa = PBXSourcesBuildPhase;
			buildActionMask = 2147483647;
			files = (
				0F9A7AB0222A332500F30C69 /* UIImageViewExtension.swift in Sources */,
				0F9A7AAC222A1FC900F30C69 /* NetworkManager.swift in Sources */,
				0F9A7A9C22298C0800F30C69 /* BeginSearchViewController.swift in Sources */,
				0F9A7A7D22295CD000F30C69 /* TikiHomeTest.xcdatamodeld in Sources */,
				0F9A7AA72229B7A100F30C69 /* TrendItemCollectionViewCell.swift in Sources */,
				0F9A7A982229720100F30C69 /* SearchViewController.swift in Sources */,
				0F9A7A7522295CD000F30C69 /* AppDelegate.swift in Sources */,
				0F9A7A9A2229860600F30C69 /* UIColorWithCustomColor.swift in Sources */,
				0F9A7AA9222A0AB600F30C69 /* TrendItemInfo.swift in Sources */,
				0F9A7AB2222A553500F30C69 /* StringExtension.swift in Sources */,
				0F9A7AA42229A5A500F30C69 /* HotTrendTableViewCell.swift in Sources */,
			);
			runOnlyForDeploymentPostprocessing = 0;
		};
/* End PBXSourcesBuildPhase section */

/* Begin PBXTargetDependency section */
		0F135A4F222A94CB00A9D1FF /* PBXTargetDependency */ = {
			isa = PBXTargetDependency;
			target = 0F9A7A7022295CD000F30C69 /* TikiHomeTest */;
			targetProxy = 0F135A4E222A94CB00A9D1FF /* PBXContainerItemProxy */;
		};
/* End PBXTargetDependency section */

/* Begin PBXVariantGroup section */
		0F9A7A7822295CD000F30C69 /* Main.storyboard */ = {
			isa = PBXVariantGroup;
			children = (
				0F9A7A7922295CD000F30C69 /* Base */,
			);
			name = Main.storyboard;
			sourceTree = "<group>";
		};
		0F9A7A8022295CD200F30C69 /* LaunchScreen.storyboard */ = {
			isa = PBXVariantGroup;
			children = (
				0F9A7A8122295CD200F30C69 /* Base */,
			);
			name = LaunchScreen.storyboard;
			sourceTree = "<group>";
		};
/* End PBXVariantGroup section */

/* Begin XCBuildConfiguration section */
		0F135A51222A94CB00A9D1FF /* Debug */ = {
			isa = XCBuildConfiguration;
			buildSettings = {
				BUNDLE_LOADER = "$(TEST_HOST)";
				CODE_SIGN_STYLE = Automatic;
				INFOPLIST_FILE = TikiHomeTestTests/Info.plist;
				LD_RUNPATH_SEARCH_PATHS = (
					"$(inherited)",
					"@executable_path/Frameworks",
					"@loader_path/Frameworks",
				);
				PRODUCT_BUNDLE_IDENTIFIER = HoangVu.TikiHomeTestTests;
				PRODUCT_NAME = "$(TARGET_NAME)";
				SWIFT_VERSION = 4.2;
				TARGETED_DEVICE_FAMILY = "1,2";
				TEST_HOST = "$(BUILT_PRODUCTS_DIR)/TikiHomeTest.app/TikiHomeTest";
			};
			name = Debug;
		};
		0F135A52222A94CB00A9D1FF /* Release */ = {
			isa = XCBuildConfiguration;
			buildSettings = {
				BUNDLE_LOADER = "$(TEST_HOST)";
				CODE_SIGN_STYLE = Automatic;
				INFOPLIST_FILE = TikiHomeTestTests/Info.plist;
				LD_RUNPATH_SEARCH_PATHS = (
					"$(inherited)",
					"@executable_path/Frameworks",
					"@loader_path/Frameworks",
				);
				PRODUCT_BUNDLE_IDENTIFIER = HoangVu.TikiHomeTestTests;
				PRODUCT_NAME = "$(TARGET_NAME)";
				SWIFT_VERSION = 4.2;
				TARGETED_DEVICE_FAMILY = "1,2";
				TEST_HOST = "$(BUILT_PRODUCTS_DIR)/TikiHomeTest.app/TikiHomeTest";
			};
			name = Release;
		};
		0F9A7A8F22295CD200F30C69 /* Debug */ = {
			isa = XCBuildConfiguration;
			buildSettings = {
				ALWAYS_SEARCH_USER_PATHS = NO;
				CLANG_ANALYZER_NONNULL = YES;
				CLANG_ANALYZER_NUMBER_OBJECT_CONVERSION = YES_AGGRESSIVE;
				CLANG_CXX_LANGUAGE_STANDARD = "gnu++14";
				CLANG_CXX_LIBRARY = "libc++";
				CLANG_ENABLE_MODULES = YES;
				CLANG_ENABLE_OBJC_ARC = YES;
				CLANG_ENABLE_OBJC_WEAK = YES;
				CLANG_WARN_BLOCK_CAPTURE_AUTORELEASING = YES;
				CLANG_WARN_BOOL_CONVERSION = YES;
				CLANG_WARN_COMMA = YES;
				CLANG_WARN_CONSTANT_CONVERSION = YES;
				CLANG_WARN_DEPRECATED_OBJC_IMPLEMENTATIONS = YES;
				CLANG_WARN_DIRECT_OBJC_ISA_USAGE = YES_ERROR;
				CLANG_WARN_DOCUMENTATION_COMMENTS = YES;
				CLANG_WARN_EMPTY_BODY = YES;
				CLANG_WARN_ENUM_CONVERSION = YES;
				CLANG_WARN_INFINITE_RECURSION = YES;
				CLANG_WARN_INT_CONVERSION = YES;
				CLANG_WARN_NON_LITERAL_NULL_CONVERSION = YES;
				CLANG_WARN_OBJC_IMPLICIT_RETAIN_SELF = YES;
				CLANG_WARN_OBJC_LITERAL_CONVERSION = YES;
				CLANG_WARN_OBJC_ROOT_CLASS = YES_ERROR;
				CLANG_WARN_RANGE_LOOP_ANALYSIS = YES;
				CLANG_WARN_STRICT_PROTOTYPES = YES;
				CLANG_WARN_SUSPICIOUS_MOVE = YES;
				CLANG_WARN_UNGUARDED_AVAILABILITY = YES_AGGRESSIVE;
				CLANG_WARN_UNREACHABLE_CODE = YES;
				CLANG_WARN__DUPLICATE_METHOD_MATCH = YES;
				CODE_SIGN_IDENTITY = "iPhone Developer";
				COPY_PHASE_STRIP = NO;
				DEBUG_INFORMATION_FORMAT = dwarf;
				ENABLE_STRICT_OBJC_MSGSEND = YES;
				ENABLE_TESTABILITY = YES;
				GCC_C_LANGUAGE_STANDARD = gnu11;
				GCC_DYNAMIC_NO_PIC = NO;
				GCC_NO_COMMON_BLOCKS = YES;
				GCC_OPTIMIZATION_LEVEL = 0;
				GCC_PREPROCESSOR_DEFINITIONS = (
					"DEBUG=1",
					"$(inherited)",
				);
				GCC_WARN_64_TO_32_BIT_CONVERSION = YES;
				GCC_WARN_ABOUT_RETURN_TYPE = YES_ERROR;
				GCC_WARN_UNDECLARED_SELECTOR = YES;
				GCC_WARN_UNINITIALIZED_AUTOS = YES_AGGRESSIVE;
				GCC_WARN_UNUSED_FUNCTION = YES;
				GCC_WARN_UNUSED_VARIABLE = YES;
				IPHONEOS_DEPLOYMENT_TARGET = 12.1;
				MTL_ENABLE_DEBUG_INFO = INCLUDE_SOURCE;
				MTL_FAST_MATH = YES;
				ONLY_ACTIVE_ARCH = YES;
				SDKROOT = iphoneos;
				SWIFT_ACTIVE_COMPILATION_CONDITIONS = DEBUG;
				SWIFT_OPTIMIZATION_LEVEL = "-Onone";
			};
			name = Debug;
		};
		0F9A7A9022295CD200F30C69 /* Release */ = {
			isa = XCBuildConfiguration;
			buildSettings = {
				ALWAYS_SEARCH_USER_PATHS = NO;
				CLANG_ANALYZER_NONNULL = YES;
				CLANG_ANALYZER_NUMBER_OBJECT_CONVERSION = YES_AGGRESSIVE;
				CLANG_CXX_LANGUAGE_STANDARD = "gnu++14";
				CLANG_CXX_LIBRARY = "libc++";
				CLANG_ENABLE_MODULES = YES;
				CLANG_ENABLE_OBJC_ARC = YES;
				CLANG_ENABLE_OBJC_WEAK = YES;
				CLANG_WARN_BLOCK_CAPTURE_AUTORELEASING = YES;
				CLANG_WARN_BOOL_CONVERSION = YES;
				CLANG_WARN_COMMA = YES;
				CLANG_WARN_CONSTANT_CONVERSION = YES;
				CLANG_WARN_DEPRECATED_OBJC_IMPLEMENTATIONS = YES;
				CLANG_WARN_DIRECT_OBJC_ISA_USAGE = YES_ERROR;
				CLANG_WARN_DOCUMENTATION_COMMENTS = YES;
				CLANG_WARN_EMPTY_BODY = YES;
				CLANG_WARN_ENUM_CONVERSION = YES;
				CLANG_WARN_INFINITE_RECURSION = YES;
				CLANG_WARN_INT_CONVERSION = YES;
				CLANG_WARN_NON_LITERAL_NULL_CONVERSION = YES;
				CLANG_WARN_OBJC_IMPLICIT_RETAIN_SELF = YES;
				CLANG_WARN_OBJC_LITERAL_CONVERSION = YES;
				CLANG_WARN_OBJC_ROOT_CLASS = YES_ERROR;
				CLANG_WARN_RANGE_LOOP_ANALYSIS = YES;
				CLANG_WARN_STRICT_PROTOTYPES = YES;
				CLANG_WARN_SUSPICIOUS_MOVE = YES;
				CLANG_WARN_UNGUARDED_AVAILABILITY = YES_AGGRESSIVE;
				CLANG_WARN_UNREACHABLE_CODE = YES;
				CLANG_WARN__DUPLICATE_METHOD_MATCH = YES;
				CODE_SIGN_IDENTITY = "iPhone Developer";
				COPY_PHASE_STRIP = NO;
				DEBUG_INFORMATION_FORMAT = "dwarf-with-dsym";
				ENABLE_NS_ASSERTIONS = NO;
				ENABLE_STRICT_OBJC_MSGSEND = YES;
				GCC_C_LANGUAGE_STANDARD = gnu11;
				GCC_NO_COMMON_BLOCKS = YES;
				GCC_WARN_64_TO_32_BIT_CONVERSION = YES;
				GCC_WARN_ABOUT_RETURN_TYPE = YES_ERROR;
				GCC_WARN_UNDECLARED_SELECTOR = YES;
				GCC_WARN_UNINITIALIZED_AUTOS = YES_AGGRESSIVE;
				GCC_WARN_UNUSED_FUNCTION = YES;
				GCC_WARN_UNUSED_VARIABLE = YES;
				IPHONEOS_DEPLOYMENT_TARGET = 12.1;
				MTL_ENABLE_DEBUG_INFO = NO;
				MTL_FAST_MATH = YES;
				SDKROOT = iphoneos;
				SWIFT_COMPILATION_MODE = wholemodule;
				SWIFT_OPTIMIZATION_LEVEL = "-O";
				VALIDATE_PRODUCT = YES;
			};
			name = Release;
		};
		0F9A7A9222295CD200F30C69 /* Debug */ = {
			isa = XCBuildConfiguration;
			baseConfigurationReference = AA20FD1DC2C15E9CFE6A0264 /* Pods-TikiHomeTest.debug.xcconfig */;
			buildSettings = {
				ASSETCATALOG_COMPILER_APPICON_NAME = AppIcon;
				CODE_SIGN_STYLE = Automatic;
				DEVELOPMENT_TEAM = GD59JQ74SB;
				INFOPLIST_FILE = TikiHomeTest/Info.plist;
				LD_RUNPATH_SEARCH_PATHS = (
					"$(inherited)",
					"@executable_path/Frameworks",
				);
				PRODUCT_BUNDLE_IDENTIFIER = HoangVu.TikiHomeTest;
				PRODUCT_NAME = "$(TARGET_NAME)";
				SWIFT_VERSION = 4.2;
				TARGETED_DEVICE_FAMILY = "1,2";
			};
			name = Debug;
		};
		0F9A7A9322295CD200F30C69 /* Release */ = {
			isa = XCBuildConfiguration;
			baseConfigurationReference = 604ECC0A653E6F24E6073E03 /* Pods-TikiHomeTest.release.xcconfig */;
			buildSettings = {
				ASSETCATALOG_COMPILER_APPICON_NAME = AppIcon;
				CODE_SIGN_STYLE = Automatic;
				DEVELOPMENT_TEAM = GD59JQ74SB;
				INFOPLIST_FILE = TikiHomeTest/Info.plist;
				LD_RUNPATH_SEARCH_PATHS = (
					"$(inherited)",
					"@executable_path/Frameworks",
				);
				PRODUCT_BUNDLE_IDENTIFIER = HoangVu.TikiHomeTest;
				PRODUCT_NAME = "$(TARGET_NAME)";
				SWIFT_VERSION = 4.2;
				TARGETED_DEVICE_FAMILY = "1,2";
			};
			name = Release;
		};
/* End XCBuildConfiguration section */

/* Begin XCConfigurationList section */
		0F135A50222A94CB00A9D1FF /* Build configuration list for PBXNativeTarget "TikiHomeTestTests" */ = {
			isa = XCConfigurationList;
			buildConfigurations = (
				0F135A51222A94CB00A9D1FF /* Debug */,
				0F135A52222A94CB00A9D1FF /* Release */,
			);
			defaultConfigurationIsVisible = 0;
			defaultConfigurationName = Release;
		};
		0F9A7A6C22295CD000F30C69 /* Build configuration list for PBXProject "TikiHomeTest" */ = {
			isa = XCConfigurationList;
			buildConfigurations = (
				0F9A7A8F22295CD200F30C69 /* Debug */,
				0F9A7A9022295CD200F30C69 /* Release */,
			);
			defaultConfigurationIsVisible = 0;
			defaultConfigurationName = Release;
		};
		0F9A7A9122295CD200F30C69 /* Build configuration list for PBXNativeTarget "TikiHomeTest" */ = {
			isa = XCConfigurationList;
			buildConfigurations = (
				0F9A7A9222295CD200F30C69 /* Debug */,
				0F9A7A9322295CD200F30C69 /* Release */,
			);
			defaultConfigurationIsVisible = 0;
			defaultConfigurationName = Release;
		};
/* End XCConfigurationList section */

/* Begin XCVersionGroup section */
		0F9A7A7B22295CD000F30C69 /* TikiHomeTest.xcdatamodeld */ = {
			isa = XCVersionGroup;
			children = (
				0F9A7A7C22295CD000F30C69 /* TikiHomeTest.xcdatamodel */,
			);
			currentVersion = 0F9A7A7C22295CD000F30C69 /* TikiHomeTest.xcdatamodel */;
			path = TikiHomeTest.xcdatamodeld;
			sourceTree = "<group>";
			versionGroupType = wrapper.xcdatamodel;
		};
/* End XCVersionGroup section */
	};
	rootObject = 0F9A7A6922295CD000F30C69 /* Project object */;
}
